<?xml version="1.0" encoding="utf-8"?>
<Project ToolsVersion="4.0" xmlns="http://schemas.microsoft.com/developer/msbuild/2003">
  <ItemGroup>
    <Filter Include="Source Files">
      <UniqueIdentifier>{4FC737F1-C7A5-4376-A066-2A32D752A2FF}</UniqueIdentifier>
      <Extensions>cpp;c;cc;cxx;c++;cppm;ixx;def;odl;idl;hpj;bat;asm;asmx</Extensions>
    </Filter>
    <Filter Include="Header Files">
      <UniqueIdentifier>{93995380-89BD-4b04-88EB-625FBE52EBFB}</UniqueIdentifier>
      <Extensions>h;hh;hpp;hxx;h++;hm;inl;inc;ipp;xsd</Extensions>
    </Filter>
    <Filter Include="Resource Files">
      <UniqueIdentifier>{67DA6AB6-F800-4c08-8B7A-83BB121AAD01}</UniqueIdentifier>
      <Extensions>rc;ico;cur;bmp;dlg;rc2;rct;bin;rgs;gif;jpg;jpeg;jpe;resx;tiff;tif;png;wav;mfcribbon-ms</Extensions>
    </Filter>
    <Filter Include="Source Files\src">
      <UniqueIdentifier>{8c3400d9-3b8e-4c50-8417-6e265c15b8d6}</UniqueIdentifier>
    </Filter>
    <Filter Include="Source Files\Tools">
      <UniqueIdentifier>{2544c7ec-8c18-47d6-962f-42a4c4596438}</UniqueIdentifier>
    </Filter>
    <Filter Include="Header Files\Tools">
      <UniqueIdentifier>{be5296fb-81df-446a-8427-655e0b3eef4f}</UniqueIdentifier>
    </Filter>
    <Filter Include="Shaders">
      <UniqueIdentifier>{0d6d7013-2fbe-4770-99de-ea363c5fbfbf}</UniqueIdentifier>
    </Filter>
  </ItemGroup>
  <ItemGroup>
    <ClCompile Include="main.cpp">
      <Filter>Source Files</Filter>
    </ClCompile>
    <ClCompile Include="src\Tools\shader.cpp">
      <Filter>Source Files\Tools</Filter>
    </ClCompile>
    <ClCompile Include="src\renderer.cpp">
      <Filter>Source Files\src</Filter>
    </ClCompile>
    <ClCompile Include="src\event_manager.cpp">
      <Filter>Source Files\src</Filter>
    </ClCompile>
    <ClCompile Include="src\Tools\glad.c">
      <Filter>Source Files\Tools</Filter>
    </ClCompile>
    <ClCompile Include="src\scene.cpp">
      <Filter>Source Files\src</Filter>
    </ClCompile>
    <ClCompile Include="src\mesh.cpp">
      <Filter>Source Files\src</Filter>
    </ClCompile>
    <ClCompile Include="src\model.cpp">
      <Filter>Source Files\src</Filter>
    </ClCompile>
    <ClCompile Include="src\camera.cpp">
      <Filter>Source Files\src</Filter>
    </ClCompile>
    <ClCompile Include="src\light.cpp">
      <Filter>Source Files\src</Filter>
    </ClCompile>
    <ClCompile Include="src\grid.cpp">
      <Filter>Source Files\src</Filter>
    </ClCompile>
    <ClCompile Include="include\axis.cpp">
      <Filter>Source Files\src</Filter>
    </ClCompile>
    <ClCompile Include="..\..\..\lib\imgui\src\imgui.cpp">
      <Filter>Source Files\Tools</Filter>
    </ClCompile>
    <ClCompile Include="..\..\..\lib\imgui\src\imgui_demo.cpp">
      <Filter>Source Files\Tools</Filter>
    </ClCompile>
    <ClCompile Include="..\..\..\lib\imgui\src\imgui_draw.cpp">
      <Filter>Source Files\Tools</Filter>
    </ClCompile>
    <ClCompile Include="..\..\..\lib\imgui\src\imgui_impl_glfw.cpp">
      <Filter>Source Files\Tools</Filter>
    </ClCompile>
    <ClCompile Include="..\..\..\lib\imgui\src\imgui_impl_opengl3.cpp">
      <Filter>Source Files\Tools</Filter>
    </ClCompile>
    <ClCompile Include="..\..\..\lib\imgui\src\imgui_tables.cpp">
      <Filter>Source Files\Tools</Filter>
    </ClCompile>
    <ClCompile Include="..\..\..\lib\imgui\src\imgui_widgets.cpp">
      <Filter>Source Files\Tools</Filter>
    </ClCompile>
    <ClCompile Include="src\Tools\file_loader.cpp">
      <Filter>Source Files\src</Filter>
    </ClCompile>
    <ClCompile Include="src\particle_generator.cpp">
      <Filter>Source Files\src</Filter>
    </ClCompile>
    <ClCompile Include="src\Tools\vertex_array.cpp">
      <Filter>Source Files\Tools</Filter>
    </ClCompile>
    <ClCompile Include="src\Tools\texture.cpp">
      <Filter>Source Files\Tools</Filter>
    </ClCompile>
    <ClCompile Include="src\Tools\buffer.cpp">
      <Filter>Source Files\Tools</Filter>
    </ClCompile>
  </ItemGroup>
  <ItemGroup>
    <ClInclude Include="include\Tools\shader.h">
      <Filter>Header Files\Tools</Filter>
    </ClInclude>
    <ClInclude Include="include\renderer.h">
      <Filter>Header Files</Filter>
    </ClInclude>
    <ClInclude Include="include\scene.h">
      <Filter>Header Files</Filter>
    </ClInclude>
    <ClInclude Include="include\mesh.h">
      <Filter>Header Files</Filter>
    </ClInclude>
    <ClInclude Include="include\model.h">
      <Filter>Header Files</Filter>
    </ClInclude>
    <ClInclude Include="include\Tools\stb_image.h">
      <Filter>Header Files\Tools</Filter>
    </ClInclude>
    <ClInclude Include="include\camera.h">
      <Filter>Header Files</Filter>
    </ClInclude>
    <ClInclude Include="include\light.h">
      <Filter>Header Files</Filter>
    </ClInclude>
    <ClInclude Include="include\grid.h">
      <Filter>Header Files</Filter>
    </ClInclude>
    <ClInclude Include="include\axis.h">
      <Filter>Header Files</Filter>
    </ClInclude>
    <ClInclude Include="..\..\..\lib\imgui\include\imconfig.h">
      <Filter>Header Files\Tools</Filter>
    </ClInclude>
    <ClInclude Include="..\..\..\lib\imgui\include\imgui.h">
      <Filter>Header Files\Tools</Filter>
    </ClInclude>
    <ClInclude Include="..\..\..\lib\imgui\include\imgui_impl_glfw.h">
      <Filter>Header Files\Tools</Filter>
    </ClInclude>
    <ClInclude Include="..\..\..\lib\imgui\include\imgui_impl_opengl3.h">
      <Filter>Header Files\Tools</Filter>
    </ClInclude>
    <ClInclude Include="..\..\..\lib\imgui\include\imgui_impl_opengl3_loader.h">
      <Filter>Header Files\Tools</Filter>
    </ClInclude>
    <ClInclude Include="..\..\..\lib\imgui\include\imgui_internal.h">
      <Filter>Header Files\Tools</Filter>
    </ClInclude>
    <ClInclude Include="..\..\..\lib\imgui\include\imstb_rectpack.h">
      <Filter>Header Files\Tools</Filter>
    </ClInclude>
    <ClInclude Include="..\..\..\lib\imgui\include\imstb_textedit.h">
      <Filter>Header Files\Tools</Filter>
    </ClInclude>
    <ClInclude Include="..\..\..\lib\imgui\include\imstb_truetype.h">
      <Filter>Header Files\Tools</Filter>
    </ClInclude>
    <ClInclude Include="include\Tools\file_loader.h">
      <Filter>Header Files\Tools</Filter>
    </ClInclude>
    <ClInclude Include="include\particle_generator.h">
      <Filter>Header Files</Filter>
    </ClInclude>
    <ClInclude Include="include\event_manager.h">
      <Filter>Header Files</Filter>
    </ClInclude>
    <ClInclude Include="include\Tools\texture.h">
      <Filter>Header Files\Tools</Filter>
    </ClInclude>
    <ClInclude Include="include\Tools\vertex_array.h">
      <Filter>Header Files\Tools</Filter>
    </ClInclude>
    <ClInclude Include="include\Tools\globject.h">
      <Filter>Header Files\Tools</Filter>
    </ClInclude>
    <ClInclude Include="include\Tools\buffer.h">
      <Filter>Header Files\Tools</Filter>
    </ClInclude>
  </ItemGroup>
  <ItemGroup>
    <None Include="shaders\DissectShader.frag">
      <Filter>Shaders</Filter>
    </None>
    <None Include="shaders\DissectShader.vert">
      <Filter>Shaders</Filter>
    </None>
    <None Include="shaders\GridShader.frag">
      <Filter>Shaders</Filter>
    </None>
    <None Include="shaders\GridShader.vert">
      <Filter>Shaders</Filter>
    </None>
    <None Include="shaders\LightShader.frag">
      <Filter>Shaders</Filter>
    </None>
    <None Include="shaders\LightShader.vert">
      <Filter>Shaders</Filter>
    </None>
    <None Include="shaders\LineShader.frag">
      <Filter>Shaders</Filter>
    </None>
    <None Include="shaders\LineShader.vert">
      <Filter>Shaders</Filter>
    </None>
    <None Include="shaders\MainShader.frag">
      <Filter>Shaders</Filter>
    </None>
    <None Include="shaders\MainShader.vert">
      <Filter>Shaders</Filter>
    </None>
    <None Include="shaders\ModelShader.frag">
      <Filter>Shaders</Filter>
    </None>
    <None Include="shaders\ModelShader.vert">
      <Filter>Shaders</Filter>
    </None>
    <None Include="shaders\ParticleShader.frag">
      <Filter>Shaders</Filter>
    </None>
    <None Include="shaders\ParticleShader.vert">
      <Filter>Shaders</Filter>
    </None>
  </ItemGroup>
</Project>