<?xml version="1.0" encoding="utf-8"?>
<Project ToolsVersion="4.0" xmlns="http://schemas.microsoft.com/developer/msbuild/2003">
  <ItemGroup>
    <Filter Include="Source Files">
      <UniqueIdentifier>{4FC737F1-C7A5-4376-A066-2A32D752A2FF}</UniqueIdentifier>
      <Extensions>cpp;c;cc;cxx;c++;cppm;ixx;def;odl;idl;hpj;bat;asm;asmx</Extensions>
    </Filter>
    <Filter Include="Header Files">
      <UniqueIdentifier>{93995380-89BD-4b04-88EB-625FBE52EBFB}</UniqueIdentifier>
      <Extensions>h;hh;hpp;hxx;h++;hm;inl;inc;ipp;xsd</Extensions>
    </Filter>
    <Filter Include="Resource Files">
      <UniqueIdentifier>{67DA6AB6-F800-4c08-8B7A-83BB121AAD01}</UniqueIdentifier>
      <Extensions>rc;ico;cur;bmp;dlg;rc2;rct;bin;rgs;gif;jpg;jpeg;jpe;resx;tiff;tif;png;wav;mfcribbon-ms</Extensions>
    </Filter>
    <Filter Include="Source Files\src">
      <UniqueIdentifier>{8c3400d9-3b8e-4c50-8417-6e265c15b8d6}</UniqueIdentifier>
    </Filter>
    <Filter Include="Source Files\Tools">
      <UniqueIdentifier>{2544c7ec-8c18-47d6-962f-42a4c4596438}</UniqueIdentifier>
    </Filter>
    <Filter Include="Header Files\Tools">
      <UniqueIdentifier>{be5296fb-81df-446a-8427-655e0b3eef4f}</UniqueIdentifier>
    </Filter>
    <Filter Include="Shaders">
      <UniqueIdentifier>{6ed5bcdb-c72a-4bab-945f-610820a0d6cd}</UniqueIdentifier>
    </Filter>
  </ItemGroup>
  <ItemGroup>
    <ClCompile Include="main.cpp">
      <Filter>Source Files</Filter>
    </ClCompile>
    <ClCompile Include="src\Tools\shader.cpp">
      <Filter>Source Files\Tools</Filter>
    </ClCompile>
    <ClCompile Include="src\renderer.cpp">
      <Filter>Source Files\src</Filter>
    </ClCompile>
    <ClCompile Include="src\event_manager.cpp">
      <Filter>Source Files\src</Filter>
    </ClCompile>
    <ClCompile Include="src\Tools\glad.c">
      <Filter>Source Files\Tools</Filter>
    </ClCompile>
    <ClCompile Include="src\scene.cpp">
      <Filter>Source Files\src</Filter>
    </ClCompile>
    <ClCompile Include="src\object.cpp">
      <Filter>Source Files\src</Filter>
    </ClCompile>
    <ClCompile Include="src\mesh.cpp">
      <Filter>Source Files\src</Filter>
    </ClCompile>
    <ClCompile Include="src\model.cpp">
      <Filter>Source Files\src</Filter>
    </ClCompile>
    <ClCompile Include="src\camera.cpp">
      <Filter>Source Files\src</Filter>
    </ClCompile>
    <ClCompile Include="src\light.cpp">
      <Filter>Source Files\src</Filter>
    </ClCompile>
    <ClCompile Include="src\grid.cpp">
      <Filter>Source Files\src</Filter>
    </ClCompile>
    <ClCompile Include="include\axis.cpp">
      <Filter>Source Files\src</Filter>
    </ClCompile>
  </ItemGroup>
  <ItemGroup>
    <ClInclude Include="include\Tools\shader.h">
      <Filter>Header Files\Tools</Filter>
    </ClInclude>
    <ClInclude Include="include\renderer.h">
      <Filter>Header Files</Filter>
    </ClInclude>
    <ClInclude Include="src\event_manager.h">
      <Filter>Header Files</Filter>
    </ClInclude>
    <ClInclude Include="include\object.h">
      <Filter>Header Files</Filter>
    </ClInclude>
    <ClInclude Include="include\scene.h">
      <Filter>Header Files</Filter>
    </ClInclude>
    <ClInclude Include="include\mesh.h">
      <Filter>Header Files</Filter>
    </ClInclude>
    <ClInclude Include="include\model.h">
      <Filter>Header Files</Filter>
    </ClInclude>
    <ClInclude Include="include\Tools\stb_image.h">
      <Filter>Header Files\Tools</Filter>
    </ClInclude>
    <ClInclude Include="include\camera.h">
      <Filter>Header Files</Filter>
    </ClInclude>
    <ClInclude Include="include\light.h">
      <Filter>Header Files</Filter>
    </ClInclude>
    <ClInclude Include="include\grid.h">
      <Filter>Header Files</Filter>
    </ClInclude>
    <ClInclude Include="include\axis.h">
      <Filter>Header Files</Filter>
    </ClInclude>
  </ItemGroup>
  <ItemGroup>
    <None Include="..\..\..\Assets\Shaders\1.model_loading.fs">
      <Filter>Shaders</Filter>
    </None>
    <None Include="..\..\..\Assets\Shaders\1.model_loading.vs">
      <Filter>Shaders</Filter>
    </None>
    <None Include="..\..\..\Assets\Shaders\LightShader.fs">
      <Filter>Shaders</Filter>
    </None>
    <None Include="..\..\..\Assets\Shaders\LightShader.vs">
      <Filter>Shaders</Filter>
    </None>
    <None Include="..\..\..\Assets\Shaders\MainShader.fs">
      <Filter>Shaders</Filter>
    </None>
    <None Include="..\..\..\Assets\Shaders\MainShader.vs">
      <Filter>Shaders</Filter>
    </None>
    <None Include="..\..\..\Assets\Shaders\LineShader.fs">
      <Filter>Shaders</Filter>
    </None>
    <None Include="..\..\..\Assets\Shaders\LineShader.vs">
      <Filter>Shaders</Filter>
    </None>
    <None Include="..\..\..\Assets\Shaders\GridShader.fs">
      <Filter>Shaders</Filter>
    </None>
    <None Include="..\..\..\Assets\Shaders\GridShader.vs">
      <Filter>Shaders</Filter>
    </None>
  </ItemGroup>
</Project>